
Microsoft Visual Studio Solution File, Format Version 12.00
# Visual Studio Version 17
VisualStudioVersion = 17.5.002.0
MinimumVisualStudioVersion = 10.0.40219.1
Project("{9A19103F-16F7-4668-BE54-9A1E7A4F7556}") = "FECoreDemo2", "FECoreDemo2.csproj", "{3CB1716D-BF4E-4267-AF05-7C84E1713971}"
EndProject
Global
	GlobalSection(SolutionConfigurationPlatforms) = preSolution
		Debug|Any CPU = Debug|Any CPU
		Release|Any CPU = Release|Any CPU
	EndGlobalSection
	GlobalSection(ProjectConfigurationPlatforms) = postSolution
		{3CB1716D-BF4E-4267-AF05-7C84E1713971}.Debug|Any CPU.ActiveCfg = Debug|Any CPU
		{3CB1716D-BF4E-4267-AF05-7C84E1713971}.Debug|Any CPU.Build.0 = Debug|Any CPU
		{3CB1716D-BF4E-4267-AF05-7C84E1713971}.Release|Any CPU.ActiveCfg = Release|Any CPU
		{3CB1716D-BF4E-4267-AF05-7C84E1713971}.Release|Any CPU.Build.0 = Release|Any CPU
	EndGlobalSection
	GlobalSection(SolutionProperties) = preSolution
		HideSolutionNode = FALSE
	EndGlobalSection
	GlobalSection(ExtensibilityGlobals) = postSolution
		SolutionGuid = {449F252C-9317-4268-9025-E28E03E9985D}
	EndGlobalSection
EndGlobal
